
Microsoft Visual Studio Solution File, Format Version 12.00
# Visual Studio Version 17
VisualStudioVersion = 17.2.32526.322
MinimumVisualStudioVersion = 10.0.40219.1
Project("{FAE04EC0-301F-11D3-BF4B-00C04F79EFBC}") = "Kvalik", "Kvalik\Kvalik.csproj", "{82376AC5-74D0-47F7-89B6-86A74BCE3F74}"
EndProject
Global
	GlobalSection(SolutionConfigurationPlatforms) = preSolution
		Debug|Any CPU = Debug|Any CPU
		Release|Any CPU = Release|Any CPU
	EndGlobalSection
	GlobalSection(ProjectConfigurationPlatforms) = postSolution
		{82376AC5-74D0-47F7-89B6-86A74BCE3F74}.Debug|Any CPU.ActiveCfg = Debug|Any CPU
		{82376AC5-74D0-47F7-89B6-86A74BCE3F74}.Debug|Any CPU.Build.0 = Debug|Any CPU
		{82376AC5-74D0-47F7-89B6-86A74BCE3F74}.Release|Any CPU.ActiveCfg = Release|Any CPU
		{82376AC5-74D0-47F7-89B6-86A74BCE3F74}.Release|Any CPU.Build.0 = Release|Any CPU
	EndGlobalSection
	GlobalSection(SolutionProperties) = preSolution
		HideSolutionNode = FALSE
	EndGlobalSection
	GlobalSection(ExtensibilityGlobals) = postSolution
		SolutionGuid = {C396C433-7469-42EA-9A5B-84245753E2AC}
	EndGlobalSection
EndGlobal
